
Microsoft Visual Studio Solution File, Format Version 12.00
# Visual Studio 15
VisualStudioVersion = 15.0.27004.2009
MinimumVisualStudioVersion = 10.0.40219.1
Project("{FAE04EC0-301F-11D3-BF4B-00C04F79EFBC}") = "GYG.RestAbstract", "GYG.RestAbstract\GYG.RestAbstract.csproj", "{9957B5EE-2498-45E2-91F2-37E757C8FAAC}"
EndProject
Global
	GlobalSection(SolutionConfigurationPlatforms) = preSolution
		Debug|Any CPU = Debug|Any CPU
		Release|Any CPU = Release|Any CPU
	EndGlobalSection
	GlobalSection(ProjectConfigurationPlatforms) = postSolution
		{9957B5EE-2498-45E2-91F2-37E757C8FAAC}.Debug|Any CPU.ActiveCfg = Debug|Any CPU
		{9957B5EE-2498-45E2-91F2-37E757C8FAAC}.Debug|Any CPU.Build.0 = Debug|Any CPU
		{9957B5EE-2498-45E2-91F2-37E757C8FAAC}.Release|Any CPU.ActiveCfg = Release|Any CPU
		{9957B5EE-2498-45E2-91F2-37E757C8FAAC}.Release|Any CPU.Build.0 = Release|Any CPU
	EndGlobalSection
	GlobalSection(SolutionProperties) = preSolution
		HideSolutionNode = FALSE
	EndGlobalSection
	GlobalSection(ExtensibilityGlobals) = postSolution
		SolutionGuid = {DB7724AD-CF97-41BE-973C-071FC2D380A0}
	EndGlobalSection
EndGlobal
